
Microsoft Visual Studio Solution File, Format Version 12.00
# Visual Studio Version 17
VisualStudioVersion = 17.12.35707.178
MinimumVisualStudioVersion = 10.0.40219.1
Project("{2150E333-8FDC-42A3-9474-1A3956D46DE8}") = "Class_Practice", "Class_Practice", "{02EA681E-C7D8-13C7-8484-4AC65E1B71E8}"
EndProject
Project("{2150E333-8FDC-42A3-9474-1A3956D46DE8}") = "Personal_Practice", "Personal_Practice", "{51C9A3B7-ED67-4CAF-BA2D-25D811A70921}"
EndProject
Project("{8BC9CEB8-8B4A-11D0-8D11-00A0C91BC942}") = "P01_HelloWorld", "Class_Practice\P01_HelloWorld\Project2.vcxproj", "{A31E5D8A-3FE7-4C18-94E4-25AE3DD4B55B}"
EndProject
Project("{8BC9CEB8-8B4A-11D0-8D11-00A0C91BC942}") = "P02_Change", "Class_Practice\P02_Change\P02_Change.vcxproj", "{34AA7E7D-DD03-4111-BEE1-544EE321A965}"
EndProject
Project("{8BC9CEB8-8B4A-11D0-8D11-00A0C91BC942}") = "P03_Plus", "Class_Practice\P03_Plus\P03_Plus.vcxproj", "{F4CA210A-328D-4248-8953-6D4C9A026A4D}"
EndProject
Project("{8BC9CEB8-8B4A-11D0-8D11-00A0C91BC942}") = "P04_Height", "Class_Practice\P04_Height\P04_Height.vcxproj", "{77219F03-EC71-43C4-8259-9A25748CDA8D}"
EndProject
Project("{8BC9CEB8-8B4A-11D0-8D11-00A0C91BC942}") = "P05_TimeDiff", "Class_Practice\P05_TimeDiff\P05_TimeDiff.vcxproj", "{4F4E6346-EEAF-4899-B005-338A074E94AC}"
EndProject
Project("{8BC9CEB8-8B4A-11D0-8D11-00A0C91BC942}") = "P06_Average", "Class_Practice\P06_Average\P06_Average.vcxproj", "{4FAA94DE-193D-41EC-9602-89BF05253CD5}"
EndProject
Project("{8BC9CEB8-8B4A-11D0-8D11-00A0C91BC942}") = "P07_Swap", "Class_Practice\P07_Swap\P07_Swap.vcxproj", "{13B55037-D322-4FF9-85BD-D6543F9C5B90}"
EndProject
Project("{8BC9CEB8-8B4A-11D0-8D11-00A0C91BC942}") = "P01_CircleArea", "Personal_Practice\P01_CircleArea\P01_CircleArea.vcxproj", "{6312B883-7FC4-4BA1-B12E-53CE03A6EE12}"
EndProject
Project("{8BC9CEB8-8B4A-11D0-8D11-00A0C91BC942}") = "P02_TwoNumberCalc", "Personal_Practice\P02_TwoNumberCalc\P02_TwoNumberCalc.vcxproj", "{5F6B0C74-9B39-4B27-8FD9-21D58A72D201}"
EndProject
Project("{8BC9CEB8-8B4A-11D0-8D11-00A0C91BC942}") = "P03_TimeCalc", "Personal_Practice\P03_TimeCalc\P03_TimeCalc.vcxproj", "{07CBB20F-2E84-4C85-ABF7-2D823B43F892}"
EndProject
Project("{8BC9CEB8-8B4A-11D0-8D11-00A0C91BC942}") = "P04_ReverseNumber", "Personal_Practice\P04_ReverseNumber\P04_ReverseNumber.vcxproj", "{49B8C167-4D20-4317-B88F-0B17C1DBE683}"
EndProject
Project("{8BC9CEB8-8B4A-11D0-8D11-00A0C91BC942}") = "P05_CmToFeetInch", "Personal_Practice\P05_CmToFeetInch\P05_CmToFeetInch.vcxproj", "{CA2E8BA2-C048-4160-B9AA-04ABF427689D}"
EndProject
Project("{8BC9CEB8-8B4A-11D0-8D11-00A0C91BC942}") = "P06_BCD", "Personal_Practice\P06_BCD\P06_BCD.vcxproj", "{9C469E3A-B95E-434F-B177-5764C55FA169}"
EndProject
Project("{8BC9CEB8-8B4A-11D0-8D11-00A0C91BC942}") = "P08_ChangeCalc", "Class_Practice\P08_ChangeCalc\P08_ChangeCalc.vcxproj", "{6C085830-985F-431F-A8A3-A262B50F1F62}"
EndProject
Project("{8BC9CEB8-8B4A-11D0-8D11-00A0C91BC942}") = "P07_ScoreGrade", "Personal_Practice\P07_ScoreGrade\P07_ScoreGrade.vcxproj", "{BEA7493F-2233-462E-BAB6-C11F5E838ACD}"
EndProject
Project("{8BC9CEB8-8B4A-11D0-8D11-00A0C91BC942}") = "P08_DigitCount", "Personal_Practice\P08_DigitCount\P08_DigitCount.vcxproj", "{288374D7-0B61-4A65-94C2-0F2ED524762B}"
EndProject
Project("{8BC9CEB8-8B4A-11D0-8D11-00A0C91BC942}") = "P09_GuessNumber", "Personal_Practice\P09_GuessNumber\P09_GuessNumber.vcxproj", "{1C4EFF23-4F4A-4400-84B1-FFCEF833CB69}"
EndProject
Project("{8BC9CEB8-8B4A-11D0-8D11-00A0C91BC942}") = "P10_Average", "Personal_Practice\P10_Average\P10_Average.vcxproj", "{BA57555B-3052-4EF5-A9D4-D28811331A3B}"
EndProject
Project("{8BC9CEB8-8B4A-11D0-8D11-00A0C91BC942}") = "P11_ReverseInteger", "Personal_Practice\P11_ReverseInteger\P11_ReverseInteger.vcxproj", "{9ED5E406-0C10-4892-A047-67D08FD173D7}"
EndProject
Project("{8BC9CEB8-8B4A-11D0-8D11-00A0C91BC942}") = "P09_PrimeCheck", "Class_Practice\P09_PrimeCheck\P09_PrimeCheck.vcxproj", "{FDC02C76-A217-409C-91D6-ADE6A6945D86}"
EndProject
Project("{8BC9CEB8-8B4A-11D0-8D11-00A0C91BC942}") = "P10_ListPrimes", "Class_Practice\P10_ListPrimes\P10_ListPrimes.vcxproj", "{901AF82A-9732-4CD2-A4F8-3F4AA8AC87F4}"
EndProject
Project("{8BC9CEB8-8B4A-11D0-8D11-00A0C91BC942}") = "P11_CoinCombination", "Class_Practice\P11_CoinCombination\P11_CoinCombination.vcxproj", "{3A9A60F9-190C-4A27-B7A7-4544F928D3C3}"
EndProject
Project("{8BC9CEB8-8B4A-11D0-8D11-00A0C91BC942}") = "P12_PrintDigits", "Class_Practice\P12_PrintDigits\P12_PrintDigits.vcxproj", "{6454B62E-F3C0-4CF9-9233-3EAF6FD1FF4D}"
EndProject
Project("{8BC9CEB8-8B4A-11D0-8D11-00A0C91BC942}") = "P13_GCD", "Class_Practice\P13_GCD\P13_GCD.vcxproj", "{1AA9CB64-690B-4690-8943-95E1D857C54A}"
EndProject
Project("{8BC9CEB8-8B4A-11D0-8D11-00A0C91BC942}") = "P12_Permutations", "Personal_Practice\P12_Permutations\P12_Permutations.vcxproj", "{6AD57EFB-85E9-4898-BB8C-1D439903D9E9}"
EndProject
Global
	GlobalSection(SolutionConfigurationPlatforms) = preSolution
		Debug|x64 = Debug|x64
		Debug|x86 = Debug|x86
		Release|x64 = Release|x64
		Release|x86 = Release|x86
	EndGlobalSection
	GlobalSection(ProjectConfigurationPlatforms) = postSolution
		{A31E5D8A-3FE7-4C18-94E4-25AE3DD4B55B}.Debug|x64.ActiveCfg = Debug|x64
		{A31E5D8A-3FE7-4C18-94E4-25AE3DD4B55B}.Debug|x64.Build.0 = Debug|x64
		{A31E5D8A-3FE7-4C18-94E4-25AE3DD4B55B}.Debug|x86.ActiveCfg = Debug|Win32
		{A31E5D8A-3FE7-4C18-94E4-25AE3DD4B55B}.Debug|x86.Build.0 = Debug|Win32
		{A31E5D8A-3FE7-4C18-94E4-25AE3DD4B55B}.Release|x64.ActiveCfg = Release|x64
		{A31E5D8A-3FE7-4C18-94E4-25AE3DD4B55B}.Release|x64.Build.0 = Release|x64
		{A31E5D8A-3FE7-4C18-94E4-25AE3DD4B55B}.Release|x86.ActiveCfg = Release|Win32
		{A31E5D8A-3FE7-4C18-94E4-25AE3DD4B55B}.Release|x86.Build.0 = Release|Win32
		{34AA7E7D-DD03-4111-BEE1-544EE321A965}.Debug|x64.ActiveCfg = Debug|x64
		{34AA7E7D-DD03-4111-BEE1-544EE321A965}.Debug|x64.Build.0 = Debug|x64
		{34AA7E7D-DD03-4111-BEE1-544EE321A965}.Debug|x86.ActiveCfg = Debug|Win32
		{34AA7E7D-DD03-4111-BEE1-544EE321A965}.Debug|x86.Build.0 = Debug|Win32
		{34AA7E7D-DD03-4111-BEE1-544EE321A965}.Release|x64.ActiveCfg = Release|x64
		{34AA7E7D-DD03-4111-BEE1-544EE321A965}.Release|x64.Build.0 = Release|x64
		{34AA7E7D-DD03-4111-BEE1-544EE321A965}.Release|x86.ActiveCfg = Release|Win32
		{34AA7E7D-DD03-4111-BEE1-544EE321A965}.Release|x86.Build.0 = Release|Win32
		{F4CA210A-328D-4248-8953-6D4C9A026A4D}.Debug|x64.ActiveCfg = Debug|x64
		{F4CA210A-328D-4248-8953-6D4C9A026A4D}.Debug|x64.Build.0 = Debug|x64
		{F4CA210A-328D-4248-8953-6D4C9A026A4D}.Debug|x86.ActiveCfg = Debug|Win32
		{F4CA210A-328D-4248-8953-6D4C9A026A4D}.Debug|x86.Build.0 = Debug|Win32
		{F4CA210A-328D-4248-8953-6D4C9A026A4D}.Release|x64.ActiveCfg = Release|x64
		{F4CA210A-328D-4248-8953-6D4C9A026A4D}.Release|x64.Build.0 = Release|x64
		{F4CA210A-328D-4248-8953-6D4C9A026A4D}.Release|x86.ActiveCfg = Release|Win32
		{F4CA210A-328D-4248-8953-6D4C9A026A4D}.Release|x86.Build.0 = Release|Win32
		{77219F03-EC71-43C4-8259-9A25748CDA8D}.Debug|x64.ActiveCfg = Debug|x64
		{77219F03-EC71-43C4-8259-9A25748CDA8D}.Debug|x64.Build.0 = Debug|x64
		{77219F03-EC71-43C4-8259-9A25748CDA8D}.Debug|x86.ActiveCfg = Debug|Win32
		{77219F03-EC71-43C4-8259-9A25748CDA8D}.Debug|x86.Build.0 = Debug|Win32
		{77219F03-EC71-43C4-8259-9A25748CDA8D}.Release|x64.ActiveCfg = Release|x64
		{77219F03-EC71-43C4-8259-9A25748CDA8D}.Release|x64.Build.0 = Release|x64
		{77219F03-EC71-43C4-8259-9A25748CDA8D}.Release|x86.ActiveCfg = Release|Win32
		{77219F03-EC71-43C4-8259-9A25748CDA8D}.Release|x86.Build.0 = Release|Win32
		{4F4E6346-EEAF-4899-B005-338A074E94AC}.Debug|x64.ActiveCfg = Debug|x64
		{4F4E6346-EEAF-4899-B005-338A074E94AC}.Debug|x64.Build.0 = Debug|x64
		{4F4E6346-EEAF-4899-B005-338A074E94AC}.Debug|x86.ActiveCfg = Debug|Win32
		{4F4E6346-EEAF-4899-B005-338A074E94AC}.Debug|x86.Build.0 = Debug|Win32
		{4F4E6346-EEAF-4899-B005-338A074E94AC}.Release|x64.ActiveCfg = Release|x64
		{4F4E6346-EEAF-4899-B005-338A074E94AC}.Release|x64.Build.0 = Release|x64
		{4F4E6346-EEAF-4899-B005-338A074E94AC}.Release|x86.ActiveCfg = Release|Win32
		{4F4E6346-EEAF-4899-B005-338A074E94AC}.Release|x86.Build.0 = Release|Win32
		{4FAA94DE-193D-41EC-9602-89BF05253CD5}.Debug|x64.ActiveCfg = Debug|x64
		{4FAA94DE-193D-41EC-9602-89BF05253CD5}.Debug|x64.Build.0 = Debug|x64
		{4FAA94DE-193D-41EC-9602-89BF05253CD5}.Debug|x86.ActiveCfg = Debug|Win32
		{4FAA94DE-193D-41EC-9602-89BF05253CD5}.Debug|x86.Build.0 = Debug|Win32
		{4FAA94DE-193D-41EC-9602-89BF05253CD5}.Release|x64.ActiveCfg = Release|x64
		{4FAA94DE-193D-41EC-9602-89BF05253CD5}.Release|x64.Build.0 = Release|x64
		{4FAA94DE-193D-41EC-9602-89BF05253CD5}.Release|x86.ActiveCfg = Release|Win32
		{4FAA94DE-193D-41EC-9602-89BF05253CD5}.Release|x86.Build.0 = Release|Win32
		{13B55037-D322-4FF9-85BD-D6543F9C5B90}.Debug|x64.ActiveCfg = Debug|x64
		{13B55037-D322-4FF9-85BD-D6543F9C5B90}.Debug|x64.Build.0 = Debug|x64
		{13B55037-D322-4FF9-85BD-D6543F9C5B90}.Debug|x86.ActiveCfg = Debug|Win32
		{13B55037-D322-4FF9-85BD-D6543F9C5B90}.Debug|x86.Build.0 = Debug|Win32
		{13B55037-D322-4FF9-85BD-D6543F9C5B90}.Release|x64.ActiveCfg = Release|x64
		{13B55037-D322-4FF9-85BD-D6543F9C5B90}.Release|x64.Build.0 = Release|x64
		{13B55037-D322-4FF9-85BD-D6543F9C5B90}.Release|x86.ActiveCfg = Release|Win32
		{13B55037-D322-4FF9-85BD-D6543F9C5B90}.Release|x86.Build.0 = Release|Win32
		{6312B883-7FC4-4BA1-B12E-53CE03A6EE12}.Debug|x64.ActiveCfg = Debug|x64
		{6312B883-7FC4-4BA1-B12E-53CE03A6EE12}.Debug|x64.Build.0 = Debug|x64
		{6312B883-7FC4-4BA1-B12E-53CE03A6EE12}.Debug|x86.ActiveCfg = Debug|Win32
		{6312B883-7FC4-4BA1-B12E-53CE03A6EE12}.Debug|x86.Build.0 = Debug|Win32
		{6312B883-7FC4-4BA1-B12E-53CE03A6EE12}.Release|x64.ActiveCfg = Release|x64
		{6312B883-7FC4-4BA1-B12E-53CE03A6EE12}.Release|x64.Build.0 = Release|x64
		{6312B883-7FC4-4BA1-B12E-53CE03A6EE12}.Release|x86.ActiveCfg = Release|Win32
		{6312B883-7FC4-4BA1-B12E-53CE03A6EE12}.Release|x86.Build.0 = Release|Win32
		{5F6B0C74-9B39-4B27-8FD9-21D58A72D201}.Debug|x64.ActiveCfg = Debug|x64
		{5F6B0C74-9B39-4B27-8FD9-21D58A72D201}.Debug|x64.Build.0 = Debug|x64
		{5F6B0C74-9B39-4B27-8FD9-21D58A72D201}.Debug|x86.ActiveCfg = Debug|Win32
		{5F6B0C74-9B39-4B27-8FD9-21D58A72D201}.Debug|x86.Build.0 = Debug|Win32
		{5F6B0C74-9B39-4B27-8FD9-21D58A72D201}.Release|x64.ActiveCfg = Release|x64
		{5F6B0C74-9B39-4B27-8FD9-21D58A72D201}.Release|x64.Build.0 = Release|x64
		{5F6B0C74-9B39-4B27-8FD9-21D58A72D201}.Release|x86.ActiveCfg = Release|Win32
		{5F6B0C74-9B39-4B27-8FD9-21D58A72D201}.Release|x86.Build.0 = Release|Win32
		{07CBB20F-2E84-4C85-ABF7-2D823B43F892}.Debug|x64.ActiveCfg = Debug|x64
		{07CBB20F-2E84-4C85-ABF7-2D823B43F892}.Debug|x64.Build.0 = Debug|x64
		{07CBB20F-2E84-4C85-ABF7-2D823B43F892}.Debug|x86.ActiveCfg = Debug|Win32
		{07CBB20F-2E84-4C85-ABF7-2D823B43F892}.Debug|x86.Build.0 = Debug|Win32
		{07CBB20F-2E84-4C85-ABF7-2D823B43F892}.Release|x64.ActiveCfg = Release|x64
		{07CBB20F-2E84-4C85-ABF7-2D823B43F892}.Release|x64.Build.0 = Release|x64
		{07CBB20F-2E84-4C85-ABF7-2D823B43F892}.Release|x86.ActiveCfg = Release|Win32
		{07CBB20F-2E84-4C85-ABF7-2D823B43F892}.Release|x86.Build.0 = Release|Win32
		{49B8C167-4D20-4317-B88F-0B17C1DBE683}.Debug|x64.ActiveCfg = Debug|x64
		{49B8C167-4D20-4317-B88F-0B17C1DBE683}.Debug|x64.Build.0 = Debug|x64
		{49B8C167-4D20-4317-B88F-0B17C1DBE683}.Debug|x86.ActiveCfg = Debug|Win32
		{49B8C167-4D20-4317-B88F-0B17C1DBE683}.Debug|x86.Build.0 = Debug|Win32
		{49B8C167-4D20-4317-B88F-0B17C1DBE683}.Release|x64.ActiveCfg = Release|x64
		{49B8C167-4D20-4317-B88F-0B17C1DBE683}.Release|x64.Build.0 = Release|x64
		{49B8C167-4D20-4317-B88F-0B17C1DBE683}.Release|x86.ActiveCfg = Release|Win32
		{49B8C167-4D20-4317-B88F-0B17C1DBE683}.Release|x86.Build.0 = Release|Win32
		{CA2E8BA2-C048-4160-B9AA-04ABF427689D}.Debug|x64.ActiveCfg = Debug|x64
		{CA2E8BA2-C048-4160-B9AA-04ABF427689D}.Debug|x64.Build.0 = Debug|x64
		{CA2E8BA2-C048-4160-B9AA-04ABF427689D}.Debug|x86.ActiveCfg = Debug|Win32
		{CA2E8BA2-C048-4160-B9AA-04ABF427689D}.Debug|x86.Build.0 = Debug|Win32
		{CA2E8BA2-C048-4160-B9AA-04ABF427689D}.Release|x64.ActiveCfg = Release|x64
		{CA2E8BA2-C048-4160-B9AA-04ABF427689D}.Release|x64.Build.0 = Release|x64
		{CA2E8BA2-C048-4160-B9AA-04ABF427689D}.Release|x86.ActiveCfg = Release|Win32
		{CA2E8BA2-C048-4160-B9AA-04ABF427689D}.Release|x86.Build.0 = Release|Win32
		{9C469E3A-B95E-434F-B177-5764C55FA169}.Debug|x64.ActiveCfg = Debug|x64
		{9C469E3A-B95E-434F-B177-5764C55FA169}.Debug|x64.Build.0 = Debug|x64
		{9C469E3A-B95E-434F-B177-5764C55FA169}.Debug|x86.ActiveCfg = Debug|Win32
		{9C469E3A-B95E-434F-B177-5764C55FA169}.Debug|x86.Build.0 = Debug|Win32
		{9C469E3A-B95E-434F-B177-5764C55FA169}.Release|x64.ActiveCfg = Release|x64
		{9C469E3A-B95E-434F-B177-5764C55FA169}.Release|x64.Build.0 = Release|x64
		{9C469E3A-B95E-434F-B177-5764C55FA169}.Release|x86.ActiveCfg = Release|Win32
		{9C469E3A-B95E-434F-B177-5764C55FA169}.Release|x86.Build.0 = Release|Win32
		{6C085830-985F-431F-A8A3-A262B50F1F62}.Debug|x64.ActiveCfg = Debug|x64
		{6C085830-985F-431F-A8A3-A262B50F1F62}.Debug|x64.Build.0 = Debug|x64
		{6C085830-985F-431F-A8A3-A262B50F1F62}.Debug|x86.ActiveCfg = Debug|Win32
		{6C085830-985F-431F-A8A3-A262B50F1F62}.Debug|x86.Build.0 = Debug|Win32
		{6C085830-985F-431F-A8A3-A262B50F1F62}.Release|x64.ActiveCfg = Release|x64
		{6C085830-985F-431F-A8A3-A262B50F1F62}.Release|x64.Build.0 = Release|x64
		{6C085830-985F-431F-A8A3-A262B50F1F62}.Release|x86.ActiveCfg = Release|Win32
		{6C085830-985F-431F-A8A3-A262B50F1F62}.Release|x86.Build.0 = Release|Win32
		{BEA7493F-2233-462E-BAB6-C11F5E838ACD}.Debug|x64.ActiveCfg = Debug|x64
		{BEA7493F-2233-462E-BAB6-C11F5E838ACD}.Debug|x64.Build.0 = Debug|x64
		{BEA7493F-2233-462E-BAB6-C11F5E838ACD}.Debug|x86.ActiveCfg = Debug|Win32
		{BEA7493F-2233-462E-BAB6-C11F5E838ACD}.Debug|x86.Build.0 = Debug|Win32
		{BEA7493F-2233-462E-BAB6-C11F5E838ACD}.Release|x64.ActiveCfg = Release|x64
		{BEA7493F-2233-462E-BAB6-C11F5E838ACD}.Release|x64.Build.0 = Release|x64
		{BEA7493F-2233-462E-BAB6-C11F5E838ACD}.Release|x86.ActiveCfg = Release|Win32
		{BEA7493F-2233-462E-BAB6-C11F5E838ACD}.Release|x86.Build.0 = Release|Win32
		{288374D7-0B61-4A65-94C2-0F2ED524762B}.Debug|x64.ActiveCfg = Debug|x64
		{288374D7-0B61-4A65-94C2-0F2ED524762B}.Debug|x64.Build.0 = Debug|x64
		{288374D7-0B61-4A65-94C2-0F2ED524762B}.Debug|x86.ActiveCfg = Debug|Win32
		{288374D7-0B61-4A65-94C2-0F2ED524762B}.Debug|x86.Build.0 = Debug|Win32
		{288374D7-0B61-4A65-94C2-0F2ED524762B}.Release|x64.ActiveCfg = Release|x64
		{288374D7-0B61-4A65-94C2-0F2ED524762B}.Release|x64.Build.0 = Release|x64
		{288374D7-0B61-4A65-94C2-0F2ED524762B}.Release|x86.ActiveCfg = Release|Win32
		{288374D7-0B61-4A65-94C2-0F2ED524762B}.Release|x86.Build.0 = Release|Win32
		{1C4EFF23-4F4A-4400-84B1-FFCEF833CB69}.Debug|x64.ActiveCfg = Debug|x64
		{1C4EFF23-4F4A-4400-84B1-FFCEF833CB69}.Debug|x64.Build.0 = Debug|x64
		{1C4EFF23-4F4A-4400-84B1-FFCEF833CB69}.Debug|x86.ActiveCfg = Debug|Win32
		{1C4EFF23-4F4A-4400-84B1-FFCEF833CB69}.Debug|x86.Build.0 = Debug|Win32
		{1C4EFF23-4F4A-4400-84B1-FFCEF833CB69}.Release|x64.ActiveCfg = Release|x64
		{1C4EFF23-4F4A-4400-84B1-FFCEF833CB69}.Release|x64.Build.0 = Release|x64
		{1C4EFF23-4F4A-4400-84B1-FFCEF833CB69}.Release|x86.ActiveCfg = Release|Win32
		{1C4EFF23-4F4A-4400-84B1-FFCEF833CB69}.Release|x86.Build.0 = Release|Win32
		{BA57555B-3052-4EF5-A9D4-D28811331A3B}.Debug|x64.ActiveCfg = Debug|x64
		{BA57555B-3052-4EF5-A9D4-D28811331A3B}.Debug|x64.Build.0 = Debug|x64
		{BA57555B-3052-4EF5-A9D4-D28811331A3B}.Debug|x86.ActiveCfg = Debug|Win32
		{BA57555B-3052-4EF5-A9D4-D28811331A3B}.Debug|x86.Build.0 = Debug|Win32
		{BA57555B-3052-4EF5-A9D4-D28811331A3B}.Release|x64.ActiveCfg = Release|x64
		{BA57555B-3052-4EF5-A9D4-D28811331A3B}.Release|x64.Build.0 = Release|x64
		{BA57555B-3052-4EF5-A9D4-D28811331A3B}.Release|x86.ActiveCfg = Release|Win32
		{BA57555B-3052-4EF5-A9D4-D28811331A3B}.Release|x86.Build.0 = Release|Win32
		{9ED5E406-0C10-4892-A047-67D08FD173D7}.Debug|x64.ActiveCfg = Debug|x64
		{9ED5E406-0C10-4892-A047-67D08FD173D7}.Debug|x64.Build.0 = Debug|x64
		{9ED5E406-0C10-4892-A047-67D08FD173D7}.Debug|x86.ActiveCfg = Debug|Win32
		{9ED5E406-0C10-4892-A047-67D08FD173D7}.Debug|x86.Build.0 = Debug|Win32
		{9ED5E406-0C10-4892-A047-67D08FD173D7}.Release|x64.ActiveCfg = Release|x64
		{9ED5E406-0C10-4892-A047-67D08FD173D7}.Release|x64.Build.0 = Release|x64
		{9ED5E406-0C10-4892-A047-67D08FD173D7}.Release|x86.ActiveCfg = Release|Win32
		{9ED5E406-0C10-4892-A047-67D08FD173D7}.Release|x86.Build.0 = Release|Win32
		{FDC02C76-A217-409C-91D6-ADE6A6945D86}.Debug|x64.ActiveCfg = Debug|x64
		{FDC02C76-A217-409C-91D6-ADE6A6945D86}.Debug|x64.Build.0 = Debug|x64
		{FDC02C76-A217-409C-91D6-ADE6A6945D86}.Debug|x86.ActiveCfg = Debug|Win32
		{FDC02C76-A217-409C-91D6-ADE6A6945D86}.Debug|x86.Build.0 = Debug|Win32
		{FDC02C76-A217-409C-91D6-ADE6A6945D86}.Release|x64.ActiveCfg = Release|x64
		{FDC02C76-A217-409C-91D6-ADE6A6945D86}.Release|x64.Build.0 = Release|x64
		{FDC02C76-A217-409C-91D6-ADE6A6945D86}.Release|x86.ActiveCfg = Release|Win32
		{FDC02C76-A217-409C-91D6-ADE6A6945D86}.Release|x86.Build.0 = Release|Win32
		{901AF82A-9732-4CD2-A4F8-3F4AA8AC87F4}.Debug|x64.ActiveCfg = Debug|x64
		{901AF82A-9732-4CD2-A4F8-3F4AA8AC87F4}.Debug|x64.Build.0 = Debug|x64
		{901AF82A-9732-4CD2-A4F8-3F4AA8AC87F4}.Debug|x86.ActiveCfg = Debug|Win32
		{901AF82A-9732-4CD2-A4F8-3F4AA8AC87F4}.Debug|x86.Build.0 = Debug|Win32
		{901AF82A-9732-4CD2-A4F8-3F4AA8AC87F4}.Release|x64.ActiveCfg = Release|x64
		{901AF82A-9732-4CD2-A4F8-3F4AA8AC87F4}.Release|x64.Build.0 = Release|x64
		{901AF82A-9732-4CD2-A4F8-3F4AA8AC87F4}.Release|x86.ActiveCfg = Release|Win32
		{901AF82A-9732-4CD2-A4F8-3F4AA8AC87F4}.Release|x86.Build.0 = Release|Win32
		{3A9A60F9-190C-4A27-B7A7-4544F928D3C3}.Debug|x64.ActiveCfg = Debug|x64
		{3A9A60F9-190C-4A27-B7A7-4544F928D3C3}.Debug|x64.Build.0 = Debug|x64
		{3A9A60F9-190C-4A27-B7A7-4544F928D3C3}.Debug|x86.ActiveCfg = Debug|Win32
		{3A9A60F9-190C-4A27-B7A7-4544F928D3C3}.Debug|x86.Build.0 = Debug|Win32
		{3A9A60F9-190C-4A27-B7A7-4544F928D3C3}.Release|x64.ActiveCfg = Release|x64
		{3A9A60F9-190C-4A27-B7A7-4544F928D3C3}.Release|x64.Build.0 = Release|x64
		{3A9A60F9-190C-4A27-B7A7-4544F928D3C3}.Release|x86.ActiveCfg = Release|Win32
		{3A9A60F9-190C-4A27-B7A7-4544F928D3C3}.Release|x86.Build.0 = Release|Win32
		{6454B62E-F3C0-4CF9-9233-3EAF6FD1FF4D}.Debug|x64.ActiveCfg = Debug|x64
		{6454B62E-F3C0-4CF9-9233-3EAF6FD1FF4D}.Debug|x64.Build.0 = Debug|x64
		{6454B62E-F3C0-4CF9-9233-3EAF6FD1FF4D}.Debug|x86.ActiveCfg = Debug|Win32
		{6454B62E-F3C0-4CF9-9233-3EAF6FD1FF4D}.Debug|x86.Build.0 = Debug|Win32
		{6454B62E-F3C0-4CF9-9233-3EAF6FD1FF4D}.Release|x64.ActiveCfg = Release|x64
		{6454B62E-F3C0-4CF9-9233-3EAF6FD1FF4D}.Release|x64.Build.0 = Release|x64
		{6454B62E-F3C0-4CF9-9233-3EAF6FD1FF4D}.Release|x86.ActiveCfg = Release|Win32
		{6454B62E-F3C0-4CF9-9233-3EAF6FD1FF4D}.Release|x86.Build.0 = Release|Win32
		{1AA9CB64-690B-4690-8943-95E1D857C54A}.Debug|x64.ActiveCfg = Debug|x64
		{1AA9CB64-690B-4690-8943-95E1D857C54A}.Debug|x64.Build.0 = Debug|x64
		{1AA9CB64-690B-4690-8943-95E1D857C54A}.Debug|x86.ActiveCfg = Debug|Win32
		{1AA9CB64-690B-4690-8943-95E1D857C54A}.Debug|x86.Build.0 = Debug|Win32
		{1AA9CB64-690B-4690-8943-95E1D857C54A}.Release|x64.ActiveCfg = Release|x64
		{1AA9CB64-690B-4690-8943-95E1D857C54A}.Release|x64.Build.0 = Release|x64
		{1AA9CB64-690B-4690-8943-95E1D857C54A}.Release|x86.ActiveCfg = Release|Win32
		{1AA9CB64-690B-4690-8943-95E1D857C54A}.Release|x86.Build.0 = Release|Win32
		{6AD57EFB-85E9-4898-BB8C-1D439903D9E9}.Debug|x64.ActiveCfg = Debug|x64
		{6AD57EFB-85E9-4898-BB8C-1D439903D9E9}.Debug|x64.Build.0 = Debug|x64
		{6AD57EFB-85E9-4898-BB8C-1D439903D9E9}.Debug|x86.ActiveCfg = Debug|Win32
		{6AD57EFB-85E9-4898-BB8C-1D439903D9E9}.Debug|x86.Build.0 = Debug|Win32
		{6AD57EFB-85E9-4898-BB8C-1D439903D9E9}.Release|x64.ActiveCfg = Release|x64
		{6AD57EFB-85E9-4898-BB8C-1D439903D9E9}.Release|x64.Build.0 = Release|x64
		{6AD57EFB-85E9-4898-BB8C-1D439903D9E9}.Release|x86.ActiveCfg = Release|Win32
		{6AD57EFB-85E9-4898-BB8C-1D439903D9E9}.Release|x86.Build.0 = Release|Win32
	EndGlobalSection
	GlobalSection(SolutionProperties) = preSolution
		HideSolutionNode = FALSE
	EndGlobalSection
	GlobalSection(NestedProjects) = preSolution
		{A31E5D8A-3FE7-4C18-94E4-25AE3DD4B55B} = {02EA681E-C7D8-13C7-8484-4AC65E1B71E8}
		{34AA7E7D-DD03-4111-BEE1-544EE321A965} = {02EA681E-C7D8-13C7-8484-4AC65E1B71E8}
		{F4CA210A-328D-4248-8953-6D4C9A026A4D} = {02EA681E-C7D8-13C7-8484-4AC65E1B71E8}
		{77219F03-EC71-43C4-8259-9A25748CDA8D} = {02EA681E-C7D8-13C7-8484-4AC65E1B71E8}
		{4F4E6346-EEAF-4899-B005-338A074E94AC} = {02EA681E-C7D8-13C7-8484-4AC65E1B71E8}
		{4FAA94DE-193D-41EC-9602-89BF05253CD5} = {02EA681E-C7D8-13C7-8484-4AC65E1B71E8}
		{13B55037-D322-4FF9-85BD-D6543F9C5B90} = {02EA681E-C7D8-13C7-8484-4AC65E1B71E8}
		{6312B883-7FC4-4BA1-B12E-53CE03A6EE12} = {51C9A3B7-ED67-4CAF-BA2D-25D811A70921}
		{5F6B0C74-9B39-4B27-8FD9-21D58A72D201} = {51C9A3B7-ED67-4CAF-BA2D-25D811A70921}
		{07CBB20F-2E84-4C85-ABF7-2D823B43F892} = {51C9A3B7-ED67-4CAF-BA2D-25D811A70921}
		{49B8C167-4D20-4317-B88F-0B17C1DBE683} = {51C9A3B7-ED67-4CAF-BA2D-25D811A70921}
		{CA2E8BA2-C048-4160-B9AA-04ABF427689D} = {51C9A3B7-ED67-4CAF-BA2D-25D811A70921}
		{9C469E3A-B95E-434F-B177-5764C55FA169} = {51C9A3B7-ED67-4CAF-BA2D-25D811A70921}
		{6C085830-985F-431F-A8A3-A262B50F1F62} = {02EA681E-C7D8-13C7-8484-4AC65E1B71E8}
		{BEA7493F-2233-462E-BAB6-C11F5E838ACD} = {51C9A3B7-ED67-4CAF-BA2D-25D811A70921}
		{288374D7-0B61-4A65-94C2-0F2ED524762B} = {51C9A3B7-ED67-4CAF-BA2D-25D811A70921}
		{1C4EFF23-4F4A-4400-84B1-FFCEF833CB69} = {51C9A3B7-ED67-4CAF-BA2D-25D811A70921}
		{BA57555B-3052-4EF5-A9D4-D28811331A3B} = {51C9A3B7-ED67-4CAF-BA2D-25D811A70921}
		{9ED5E406-0C10-4892-A047-67D08FD173D7} = {51C9A3B7-ED67-4CAF-BA2D-25D811A70921}
		{FDC02C76-A217-409C-91D6-ADE6A6945D86} = {02EA681E-C7D8-13C7-8484-4AC65E1B71E8}
		{901AF82A-9732-4CD2-A4F8-3F4AA8AC87F4} = {02EA681E-C7D8-13C7-8484-4AC65E1B71E8}
		{3A9A60F9-190C-4A27-B7A7-4544F928D3C3} = {02EA681E-C7D8-13C7-8484-4AC65E1B71E8}
		{6454B62E-F3C0-4CF9-9233-3EAF6FD1FF4D} = {02EA681E-C7D8-13C7-8484-4AC65E1B71E8}
		{1AA9CB64-690B-4690-8943-95E1D857C54A} = {02EA681E-C7D8-13C7-8484-4AC65E1B71E8}
		{6AD57EFB-85E9-4898-BB8C-1D439903D9E9} = {51C9A3B7-ED67-4CAF-BA2D-25D811A70921}
	EndGlobalSection
	GlobalSection(ExtensibilityGlobals) = postSolution
		SolutionGuid = {E8385F3D-FC33-44EE-A3BA-F707004F13DE}
	EndGlobalSection
EndGlobal
